Microsoft Visual Studio Solution File, Format Version 12.00
# Visual Studio Version 17
VisualStudioVersion = 17.5.2.0
MinimumVisualStudioVersion = 10.0.40219.1
Project("{FAE04EC0-301F-11D3-BF4B-00C04F79EFBC}") = "lab-4-BigToDoList", "lab-4-BigToDoList.csproj", "{BD903333-8D2D-CB54-DFD5-23D356F09A8B}"
EndProject
Global
	GlobalSection(SolutionConfigurationPlatforms) = preSolution
		Debug|Any CPU = Debug|Any CPU
		Release|Any CPU = Release|Any CPU
	EndGlobalSection
	GlobalSection(ProjectConfigurationPlatforms) = postSolution
		{BD903333-8D2D-CB54-DFD5-23D356F09A8B}.Debug|Any CPU.ActiveCfg = Debug|Any CPU
		{BD903333-8D2D-CB54-DFD5-23D356F09A8B}.Debug|Any CPU.Build.0 = Debug|Any CPU
		{BD903333-8D2D-CB54-DFD5-23D356F09A8B}.Release|Any CPU.ActiveCfg = Release|Any CPU
		{BD903333-8D2D-CB54-DFD5-23D356F09A8B}.Release|Any CPU.Build.0 = Release|Any CPU
	EndGlobalSection
	GlobalSection(SolutionProperties) = preSolution
		HideSolutionNode = FALSE
	EndGlobalSection
	GlobalSection(ExtensibilityGlobals) = postSolution
		SolutionGuid = {797D8678-91EF-468D-8FF4-EECBFEE7D2AA}
	EndGlobalSection
EndGlobal
